// !$*UTF8*$!
{
	archiveVersion = 1;
	classes = {
	};
	objectVersion = 46;
	objects = {

/* Begin PBXBuildFile section */
		56A6DA801BCF655B00A80680 /* AppDelegate.swift in Sources */ = {isa = PBXBuildFile; fileRef = 56A6DA7F1BCF655B00A80680 /* AppDelegate.swift */; };
		56A6DA8A1BCF655B00A80680 /* LaunchScreen.storyboard in Resources */ = {isa = PBXBuildFile; fileRef = 56A6DA881BCF655B00A80680 /* LaunchScreen.storyboard */; };
		56A6DA9F1BCF691300A80680 /* Activity.swift in Sources */ = {isa = PBXBuildFile; fileRef = 56A6DA9B1BCF691300A80680 /* Activity.swift */; };
		56A6DAA11BCF691300A80680 /* History.swift in Sources */ = {isa = PBXBuildFile; fileRef = 56A6DA9D1BCF691300A80680 /* History.swift */; };
		56A6DAA31BCF6C2F00A80680 /* NSDateHelper.swift in Sources */ = {isa = PBXBuildFile; fileRef = 56A6DAA21BCF6C2F00A80680 /* NSDateHelper.swift */; };
		56A6DAA61BCF6F8600A80680 /* StringHelper.swift in Sources */ = {isa = PBXBuildFile; fileRef = 56A6DAA51BCF6F8600A80680 /* StringHelper.swift */; };
		56A6DAA81BCF6FCA00A80680 /* GlobalColors.swift in Sources */ = {isa = PBXBuildFile; fileRef = 56A6DAA71BCF6FCA00A80680 /* GlobalColors.swift */; };
		56A6DAAA1BCF705F00A80680 /* ActivityTextfield.swift in Sources */ = {isa = PBXBuildFile; fileRef = 56A6DAA91BCF705F00A80680 /* ActivityTextfield.swift */; };
		56A6DAAE1BCF727700A80680 /* HistoryCell.swift in Sources */ = {isa = PBXBuildFile; fileRef = 56A6DAAD1BCF727700A80680 /* HistoryCell.swift */; };
		56A6DAB01BCF733F00A80680 /* NewActivityView.swift in Sources */ = {isa = PBXBuildFile; fileRef = 56A6DAAF1BCF733F00A80680 /* NewActivityView.swift */; };
		56A6DAB21BCF76F800A80680 /* DefaultNavigationController.swift in Sources */ = {isa = PBXBuildFile; fileRef = 56A6DAB11BCF76F800A80680 /* DefaultNavigationController.swift */; };
		56A6DAB41BCF771200A80680 /* Storyboard.storyboard in Resources */ = {isa = PBXBuildFile; fileRef = 56A6DAB31BCF771200A80680 /* Storyboard.storyboard */; };
		56A6DAB61BCF875200A80680 /* ActivityListViewController.swift in Sources */ = {isa = PBXBuildFile; fileRef = 56A6DAB51BCF875200A80680 /* ActivityListViewController.swift */; };
		56A6DAB81BCF8B3700A80680 /* MainViewController.swift in Sources */ = {isa = PBXBuildFile; fileRef = 56A6DAB71BCF8B3700A80680 /* MainViewController.swift */; };
		56A6DABA1BCF8BD000A80680 /* Images.xcassets in Resources */ = {isa = PBXBuildFile; fileRef = 56A6DAB91BCF8BD000A80680 /* Images.xcassets */; };
		56A6DABF1BCFDE2C00A80680 /* HistoryViewController.swift in Sources */ = {isa = PBXBuildFile; fileRef = 56A6DABE1BCFDE2C00A80680 /* HistoryViewController.swift */; };
		955118FE1CEFE334009E004D /* EditViewController.swift in Sources */ = {isa = PBXBuildFile; fileRef = 955118FD1CEFE334009E004D /* EditViewController.swift */; };
		95738D001D3DE2F800EAB881 /* Charts.framework in Embed Frameworks */ = {isa = PBXBuildFile; fileRef = 9556520F1D3BEE1300C063FB /* Charts.framework */; settings = {ATTRIBUTES = (CodeSignOnCopy, RemoveHeadersOnCopy, ); }; };
		95738D031D3DE2F800EAB881 /* Charts.framework in Frameworks */ = {isa = PBXBuildFile; fileRef = 9556520F1D3BEE1300C063FB /* Charts.framework */; };
		958012C11D165EF9000946F6 /* ProgressViewController.swift in Sources */ = {isa = PBXBuildFile; fileRef = 958012C01D165EF9000946F6 /* ProgressViewController.swift */; };
		9594484B1E0EFD2300FCB1E4 /* ObjectExtension.swift in Sources */ = {isa = PBXBuildFile; fileRef = 9594483E1E0EFD2300FCB1E4 /* ObjectExtension.swift */; };
		9594484C1E0EFD2300FCB1E4 /* README.md in Sources */ = {isa = PBXBuildFile; fileRef = 9594483F1E0EFD2300FCB1E4 /* README.md */; };
		9594484D1E0EFD2300FCB1E4 /* RealmChange.swift in Sources */ = {isa = PBXBuildFile; fileRef = 959448401E0EFD2300FCB1E4 /* RealmChange.swift */; };
		9594484E1E0EFD2300FCB1E4 /* RealmExtension.swift in Sources */ = {isa = PBXBuildFile; fileRef = 959448411E0EFD2300FCB1E4 /* RealmExtension.swift */; };
		9594484F1E0EFD2300FCB1E4 /* RealmLogger.swift in Sources */ = {isa = PBXBuildFile; fileRef = 959448421E0EFD2300FCB1E4 /* RealmLogger.swift */; };
		959448501E0EFD2300FCB1E4 /* RealmNotification.swift in Sources */ = {isa = PBXBuildFile; fileRef = 959448431E0EFD2300FCB1E4 /* RealmNotification.swift */; };
		959448511E0EFD2300FCB1E4 /* RealmQueueManager.swift in Sources */ = {isa = PBXBuildFile; fileRef = 959448441E0EFD2300FCB1E4 /* RealmQueueManager.swift */; };
		959448521E0EFD2300FCB1E4 /* RealmRequest.swift in Sources */ = {isa = PBXBuildFile; fileRef = 959448451E0EFD2300FCB1E4 /* RealmRequest.swift */; };
		959448531E0EFD2300FCB1E4 /* RealmResultsCache.swift in Sources */ = {isa = PBXBuildFile; fileRef = 959448461E0EFD2300FCB1E4 /* RealmResultsCache.swift */; };
		959448541E0EFD2300FCB1E4 /* RealmResultsController.swift in Sources */ = {isa = PBXBuildFile; fileRef = 959448471E0EFD2300FCB1E4 /* RealmResultsController.swift */; };
		959448551E0EFD2300FCB1E4 /* RealmSection.swift in Sources */ = {isa = PBXBuildFile; fileRef = 959448481E0EFD2300FCB1E4 /* RealmSection.swift */; };
		959448561E0EFD2300FCB1E4 /* RealmThreadHelper.swift in Sources */ = {isa = PBXBuildFile; fileRef = 959448491E0EFD2300FCB1E4 /* RealmThreadHelper.swift */; };
		959448571E0EFD2300FCB1E4 /* RRCError.swift in Sources */ = {isa = PBXBuildFile; fileRef = 9594484A1E0EFD2300FCB1E4 /* RRCError.swift */; };
		95B56B891CE37D3800D6B89E /* HeaderView.swift in Sources */ = {isa = PBXBuildFile; fileRef = 95B56B881CE37D3800D6B89E /* HeaderView.swift */; };
		95D666211E08E8C600F9D288 /* DataHandler.swift in Sources */ = {isa = PBXBuildFile; fileRef = 95D666201E08E8C600F9D288 /* DataHandler.swift */; };
		95ED46031D33178E00F9F1EA /* ProgressCell.swift in Sources */ = {isa = PBXBuildFile; fileRef = 95ED46021D33178E00F9F1EA /* ProgressCell.swift */; };
		F8B9AC41A37A2A483973191A /* Pods_TimeTracker.framework in Frameworks */ = {isa = PBXBuildFile; fileRef = A07C7D2D8F4C9FC3CDBB3104 /* Pods_TimeTracker.framework */; };
/* End PBXBuildFile section */

/* Begin PBXContainerItemProxy section */
		9556520E1D3BEE1300C063FB /* PBXContainerItemProxy */ = {
			isa = PBXContainerItemProxy;
			containerPortal = 955652071D3BEE1200C063FB /* Charts.xcodeproj */;
			proxyType = 2;
			remoteGlobalIDString = 5BA8EC401A9D14DC00CE82E1;
			remoteInfo = "Charts-iOS";
		};
		955652101D3BEE1300C063FB /* PBXContainerItemProxy */ = {
			isa = PBXContainerItemProxy;
			containerPortal = 955652071D3BEE1200C063FB /* Charts.xcodeproj */;
			proxyType = 2;
			remoteGlobalIDString = A52C5C371BAC5CA400594CDD;
			remoteInfo = "Charts-TV";
		};
		955652121D3BEE1300C063FB /* PBXContainerItemProxy */ = {
			isa = PBXContainerItemProxy;
			containerPortal = 955652071D3BEE1200C063FB /* Charts.xcodeproj */;
			proxyType = 2;
			remoteGlobalIDString = 65B3F5BF1C7370BE000983D0;
			remoteInfo = "Charts-OSX";
		};
		955652141D3BEE1300C063FB /* PBXContainerItemProxy */ = {
			isa = PBXContainerItemProxy;
			containerPortal = 955652071D3BEE1200C063FB /* Charts.xcodeproj */;
			proxyType = 2;
			remoteGlobalIDString = 06AEE7A21BDC3F8B009875AE;
			remoteInfo = ChartsTests;
		};
		95738D051D3DE2F800EAB881 /* PBXContainerItemProxy */ = {
			isa = PBXContainerItemProxy;
			containerPortal = 955652071D3BEE1200C063FB /* Charts.xcodeproj */;
			proxyType = 1;
			remoteGlobalIDString = 5BA8EC3F1A9D14DC00CE82E1;
			remoteInfo = "Charts-iOS";
		};
/* End PBXContainerItemProxy section */

/* Begin PBXCopyFilesBuildPhase section */
		95738D071D3DE2F900EAB881 /* Embed Frameworks */ = {
			isa = PBXCopyFilesBuildPhase;
			buildActionMask = 2147483647;
			dstPath = "";
			dstSubfolderSpec = 10;
			files = (
				95738D001D3DE2F800EAB881 /* Charts.framework in Embed Frameworks */,
			);
			name = "Embed Frameworks";
			runOnlyForDeploymentPostprocessing = 0;
		};
/* End PBXCopyFilesBuildPhase section */

/* Begin PBXFileReference section */
		5676927F1BD0E40C00FEA04F /* CoreData.framework */ = {isa = PBXFileReference; lastKnownFileType = wrapper.framework; name = CoreData.framework; path = System/Library/Frameworks/CoreData.framework; sourceTree = SDKROOT; };
		56A6DA7C1BCF655B00A80680 /* TimeTracker.app */ = {isa = PBXFileReference; explicitFileType = wrapper.application; includeInIndex = 0; path = TimeTracker.app; sourceTree = BUILT_PRODUCTS_DIR; };
		56A6DA7F1BCF655B00A80680 /* AppDelegate.swift */ = {isa = PBXFileReference; lastKnownFileType = sourcecode.swift; path = AppDelegate.swift; sourceTree = "<group>"; };
		56A6DA891BCF655B00A80680 /* Base */ = {isa = PBXFileReference; lastKnownFileType = file.storyboard; name = Base; path = Base.lproj/LaunchScreen.storyboard; sourceTree = "<group>"; };
		56A6DA8B1BCF655B00A80680 /* Info.plist */ = {isa = PBXFileReference; lastKnownFileType = text.plist.xml; path = Info.plist; sourceTree = "<group>"; };
		56A6DA9B1BCF691300A80680 /* Activity.swift */ = {isa = PBXFileReference; fileEncoding = 4; lastKnownFileType = sourcecode.swift; path = Activity.swift; sourceTree = "<group>"; };
		56A6DA9D1BCF691300A80680 /* History.swift */ = {isa = PBXFileReference; fileEncoding = 4; lastKnownFileType = sourcecode.swift; path = History.swift; sourceTree = "<group>"; };
		56A6DAA21BCF6C2F00A80680 /* NSDateHelper.swift */ = {isa = PBXFileReference; fileEncoding = 4; lastKnownFileType = sourcecode.swift; path = NSDateHelper.swift; sourceTree = "<group>"; };
		56A6DAA51BCF6F8600A80680 /* StringHelper.swift */ = {isa = PBXFileReference; fileEncoding = 4; lastKnownFileType = sourcecode.swift; path = StringHelper.swift; sourceTree = "<group>"; };
		56A6DAA71BCF6FCA00A80680 /* GlobalColors.swift */ = {isa = PBXFileReference; fileEncoding = 4; lastKnownFileType = sourcecode.swift; path = GlobalColors.swift; sourceTree = "<group>"; };
		56A6DAA91BCF705F00A80680 /* ActivityTextfield.swift */ = {isa = PBXFileReference; fileEncoding = 4; lastKnownFileType = sourcecode.swift; path = ActivityTextfield.swift; sourceTree = "<group>"; };
		56A6DAAD1BCF727700A80680 /* HistoryCell.swift */ = {isa = PBXFileReference; fileEncoding = 4; lastKnownFileType = sourcecode.swift; path = HistoryCell.swift; sourceTree = "<group>"; };
		56A6DAAF1BCF733F00A80680 /* NewActivityView.swift */ = {isa = PBXFileReference; fileEncoding = 4; lastKnownFileType = sourcecode.swift; path = NewActivityView.swift; sourceTree = "<group>"; };
		56A6DAB11BCF76F800A80680 /* DefaultNavigationController.swift */ = {isa = PBXFileReference; fileEncoding = 4; lastKnownFileType = sourcecode.swift; path = DefaultNavigationController.swift; sourceTree = "<group>"; };
		56A6DAB31BCF771200A80680 /* Storyboard.storyboard */ = {isa = PBXFileReference; fileEncoding = 4; lastKnownFileType = file.storyboard; path = Storyboard.storyboard; sourceTree = "<group>"; };
		56A6DAB51BCF875200A80680 /* ActivityListViewController.swift */ = {isa = PBXFileReference; fileEncoding = 4; lastKnownFileType = sourcecode.swift; path = ActivityListViewController.swift; sourceTree = "<group>"; };
		56A6DAB71BCF8B3700A80680 /* MainViewController.swift */ = {isa = PBXFileReference; fileEncoding = 4; lastKnownFileType = sourcecode.swift; path = MainViewController.swift; sourceTree = "<group>"; };
		56A6DAB91BCF8BD000A80680 /* Images.xcassets */ = {isa = PBXFileReference; lastKnownFileType = folder.assetcatalog; path = Images.xcassets; sourceTree = "<group>"; };
		56A6DABE1BCFDE2C00A80680 /* HistoryViewController.swift */ = {isa = PBXFileReference; fileEncoding = 4; lastKnownFileType = sourcecode.swift; path = HistoryViewController.swift; sourceTree = "<group>"; };
		8C938704749F7896FCFC334A /* Pods-TimeTracker.debug.xcconfig */ = {isa = PBXFileReference; includeInIndex = 1; lastKnownFileType = text.xcconfig; name = "Pods-TimeTracker.debug.xcconfig"; path = "Pods/Target Support Files/Pods-TimeTracker/Pods-TimeTracker.debug.xcconfig"; sourceTree = "<group>"; };
		955118FD1CEFE334009E004D /* EditViewController.swift */ = {isa = PBXFileReference; fileEncoding = 4; lastKnownFileType = sourcecode.swift; path = EditViewController.swift; sourceTree = "<group>"; };
		955652071D3BEE1200C063FB /* Charts.xcodeproj */ = {isa = PBXFileReference; lastKnownFileType = "wrapper.pb-project"; name = Charts.xcodeproj; path = "../../../../../Downloads/Charts-master-4/Charts/Charts.xcodeproj"; sourceTree = "<group>"; };
		958012C01D165EF9000946F6 /* ProgressViewController.swift */ = {isa = PBXFileReference; fileEncoding = 4; lastKnownFileType = sourcecode.swift; path = ProgressViewController.swift; sourceTree = "<group>"; };
		9594483E1E0EFD2300FCB1E4 /* ObjectExtension.swift */ = {isa = PBXFileReference; fileEncoding = 4; lastKnownFileType = sourcecode.swift; path = ObjectExtension.swift; sourceTree = "<group>"; };
		9594483F1E0EFD2300FCB1E4 /* README.md */ = {isa = PBXFileReference; fileEncoding = 4; lastKnownFileType = net.daringfireball.markdown; path = README.md; sourceTree = "<group>"; };
		959448401E0EFD2300FCB1E4 /* RealmChange.swift */ = {isa = PBXFileReference; fileEncoding = 4; lastKnownFileType = sourcecode.swift; path = RealmChange.swift; sourceTree = "<group>"; };
		959448411E0EFD2300FCB1E4 /* RealmExtension.swift */ = {isa = PBXFileReference; fileEncoding = 4; lastKnownFileType = sourcecode.swift; path = RealmExtension.swift; sourceTree = "<group>"; };
		959448421E0EFD2300FCB1E4 /* RealmLogger.swift */ = {isa = PBXFileReference; fileEncoding = 4; lastKnownFileType = sourcecode.swift; path = RealmLogger.swift; sourceTree = "<group>"; };
		959448431E0EFD2300FCB1E4 /* RealmNotification.swift */ = {isa = PBXFileReference; fileEncoding = 4; lastKnownFileType = sourcecode.swift; path = RealmNotification.swift; sourceTree = "<group>"; };
		959448441E0EFD2300FCB1E4 /* RealmQueueManager.swift */ = {isa = PBXFileReference; fileEncoding = 4; lastKnownFileType = sourcecode.swift; path = RealmQueueManager.swift; sourceTree = "<group>"; };
		959448451E0EFD2300FCB1E4 /* RealmRequest.swift */ = {isa = PBXFileReference; fileEncoding = 4; lastKnownFileType = sourcecode.swift; path = RealmRequest.swift; sourceTree = "<group>"; };
		959448461E0EFD2300FCB1E4 /* RealmResultsCache.swift */ = {isa = PBXFileReference; fileEncoding = 4; lastKnownFileType = sourcecode.swift; path = RealmResultsCache.swift; sourceTree = "<group>"; };
		959448471E0EFD2300FCB1E4 /* RealmResultsController.swift */ = {isa = PBXFileReference; fileEncoding = 4; lastKnownFileType = sourcecode.swift; path = RealmResultsController.swift; sourceTree = "<group>"; };
		959448481E0EFD2300FCB1E4 /* RealmSection.swift */ = {isa = PBXFileReference; fileEncoding = 4; lastKnownFileType = sourcecode.swift; path = RealmSection.swift; sourceTree = "<group>"; };
		959448491E0EFD2300FCB1E4 /* RealmThreadHelper.swift */ = {isa = PBXFileReference; fileEncoding = 4; lastKnownFileType = sourcecode.swift; path = RealmThreadHelper.swift; sourceTree = "<group>"; };
		9594484A1E0EFD2300FCB1E4 /* RRCError.swift */ = {isa = PBXFileReference; fileEncoding = 4; lastKnownFileType = sourcecode.swift; path = RRCError.swift; sourceTree = "<group>"; };
		95B56B881CE37D3800D6B89E /* HeaderView.swift */ = {isa = PBXFileReference; fileEncoding = 4; lastKnownFileType = sourcecode.swift; name = HeaderView.swift; path = ../viewcontrollers/HeaderView.swift; sourceTree = "<group>"; };
		95C1C3151D342014003AD1F9 /* TimeTracker-Bridging-Header.h */ = {isa = PBXFileReference; lastKnownFileType = sourcecode.c.h; path = "TimeTracker-Bridging-Header.h"; sourceTree = "<group>"; };
		95D666201E08E8C600F9D288 /* DataHandler.swift */ = {isa = PBXFileReference; fileEncoding = 4; lastKnownFileType = sourcecode.swift; path = DataHandler.swift; sourceTree = "<group>"; };
		95ED46021D33178E00F9F1EA /* ProgressCell.swift */ = {isa = PBXFileReference; fileEncoding = 4; lastKnownFileType = sourcecode.swift; path = ProgressCell.swift; sourceTree = "<group>"; };
		A07C7D2D8F4C9FC3CDBB3104 /* Pods_TimeTracker.framework */ = {isa = PBXFileReference; explicitFileType = wrapper.framework; includeInIndex = 0; path = Pods_TimeTracker.framework; sourceTree = BUILT_PRODUCTS_DIR; };
		EB0801D41FDA0FC437A9F377 /* Pods-TimeTracker.release.xcconfig */ = {isa = PBXFileReference; includeInIndex = 1; lastKnownFileType = text.xcconfig; name = "Pods-TimeTracker.release.xcconfig"; path = "Pods/Target Support Files/Pods-TimeTracker/Pods-TimeTracker.release.xcconfig"; sourceTree = "<group>"; };
/* End PBXFileReference section */

/* Begin PBXFrameworksBuildPhase section */
		56A6DA791BCF655B00A80680 /* Frameworks */ = {
			isa = PBXFrameworksBuildPhase;
			buildActionMask = 2147483647;
			files = (
				95738D031D3DE2F800EAB881 /* Charts.framework in Frameworks */,
				F8B9AC41A37A2A483973191A /* Pods_TimeTracker.framework in Frameworks */,
			);
			runOnlyForDeploymentPostprocessing = 0;
		};
/* End PBXFrameworksBuildPhase section */

/* Begin PBXGroup section */
		567692811BD0E41000FEA04F /* Frameworks */ = {
			isa = PBXGroup;
			children = (
				5676927F1BD0E40C00FEA04F /* CoreData.framework */,
				A07C7D2D8F4C9FC3CDBB3104 /* Pods_TimeTracker.framework */,
			);
			name = Frameworks;
			sourceTree = "<group>";
		};
		56A6DA731BCF655B00A80680 = {
			isa = PBXGroup;
			children = (
				9594483D1E0EFD2300FCB1E4 /* RealmResultsSource */,
				56A6DA7E1BCF655B00A80680 /* TimeTracker */,
				567692811BD0E41000FEA04F /* Frameworks */,
				955652071D3BEE1200C063FB /* Charts.xcodeproj */,
				56A6DA7D1BCF655B00A80680 /* Products */,
				6065572DB981679FA686C358 /* Pods */,
			);
			sourceTree = "<group>";
		};
		56A6DA7D1BCF655B00A80680 /* Products */ = {
			isa = PBXGroup;
			children = (
				56A6DA7C1BCF655B00A80680 /* TimeTracker.app */,
			);
			name = Products;
			sourceTree = "<group>";
		};
		56A6DA7E1BCF655B00A80680 /* TimeTracker */ = {
			isa = PBXGroup;
			children = (
				56A6DA7F1BCF655B00A80680 /* AppDelegate.swift */,
				56A6DA941BCF65E100A80680 /* Viewcontrollers */,
				56A6DA921BCF65D800A80680 /* Objects */,
				56A6DA911BCF65CC00A80680 /* Supporting files */,
			);
			path = TimeTracker;
			sourceTree = "<group>";
		};
		56A6DA911BCF65CC00A80680 /* Supporting files */ = {
			isa = PBXGroup;
			children = (
				56A6DAB91BCF8BD000A80680 /* Images.xcassets */,
				56A6DAB31BCF771200A80680 /* Storyboard.storyboard */,
				56A6DA881BCF655B00A80680 /* LaunchScreen.storyboard */,
				56A6DA8B1BCF655B00A80680 /* Info.plist */,
				95C1C3151D342014003AD1F9 /* TimeTracker-Bridging-Header.h */,
			);
			name = "Supporting files";
			sourceTree = "<group>";
		};
		56A6DA921BCF65D800A80680 /* Objects */ = {
			isa = PBXGroup;
			children = (
				56A6DAA41BCF6F6A00A80680 /* Database */,
				56A6DAA21BCF6C2F00A80680 /* NSDateHelper.swift */,
				56A6DAA51BCF6F8600A80680 /* StringHelper.swift */,
				56A6DAA71BCF6FCA00A80680 /* GlobalColors.swift */,
			);
			name = Objects;
			path = objects;
			sourceTree = "<group>";
		};
		56A6DA931BCF65DD00A80680 /* Views */ = {
			isa = PBXGroup;
			children = (
				56A6DAA91BCF705F00A80680 /* ActivityTextfield.swift */,
				95B56B881CE37D3800D6B89E /* HeaderView.swift */,
				56A6DAAD1BCF727700A80680 /* HistoryCell.swift */,
				95ED46021D33178E00F9F1EA /* ProgressCell.swift */,
				56A6DAAF1BCF733F00A80680 /* NewActivityView.swift */,
			);
			name = Views;
			path = ../views;
			sourceTree = "<group>";
		};
		56A6DA941BCF65E100A80680 /* Viewcontrollers */ = {
			isa = PBXGroup;
			children = (
				56A6DAB11BCF76F800A80680 /* DefaultNavigationController.swift */,
				56A6DAB71BCF8B3700A80680 /* MainViewController.swift */,
				56A6DAB51BCF875200A80680 /* ActivityListViewController.swift */,
				958012C01D165EF9000946F6 /* ProgressViewController.swift */,
				56A6DABE1BCFDE2C00A80680 /* HistoryViewController.swift */,
				955118FD1CEFE334009E004D /* EditViewController.swift */,
				56A6DA931BCF65DD00A80680 /* Views */,
			);
			name = Viewcontrollers;
			path = viewcontrollers;
			sourceTree = "<group>";
		};
		56A6DAA41BCF6F6A00A80680 /* Database */ = {
			isa = PBXGroup;
			children = (
				56A6DA9B1BCF691300A80680 /* Activity.swift */,
				56A6DA9D1BCF691300A80680 /* History.swift */,
				95D666201E08E8C600F9D288 /* DataHandler.swift */,
			);
			name = Database;
			sourceTree = "<group>";
		};
		6065572DB981679FA686C358 /* Pods */ = {
			isa = PBXGroup;
			children = (
				8C938704749F7896FCFC334A /* Pods-TimeTracker.debug.xcconfig */,
				EB0801D41FDA0FC437A9F377 /* Pods-TimeTracker.release.xcconfig */,
			);
			name = Pods;
			sourceTree = "<group>";
		};
		955652081D3BEE1200C063FB /* Products */ = {
			isa = PBXGroup;
			children = (
				9556520F1D3BEE1300C063FB /* Charts.framework */,
				955652111D3BEE1300C063FB /* Charts.framework */,
				955652131D3BEE1300C063FB /* Charts.framework */,
				955652151D3BEE1300C063FB /* ChartsTests.xctest */,
			);
			name = Products;
			sourceTree = "<group>";
		};
		9594483D1E0EFD2300FCB1E4 /* RealmResultsSource */ = {
			isa = PBXGroup;
			children = (
				9594483E1E0EFD2300FCB1E4 /* ObjectExtension.swift */,
				9594483F1E0EFD2300FCB1E4 /* README.md */,
				959448401E0EFD2300FCB1E4 /* RealmChange.swift */,
				959448411E0EFD2300FCB1E4 /* RealmExtension.swift */,
				959448421E0EFD2300FCB1E4 /* RealmLogger.swift */,
				959448431E0EFD2300FCB1E4 /* RealmNotification.swift */,
				959448441E0EFD2300FCB1E4 /* RealmQueueManager.swift */,
				959448451E0EFD2300FCB1E4 /* RealmRequest.swift */,
				959448461E0EFD2300FCB1E4 /* RealmResultsCache.swift */,
				959448471E0EFD2300FCB1E4 /* RealmResultsController.swift */,
				959448481E0EFD2300FCB1E4 /* RealmSection.swift */,
				959448491E0EFD2300FCB1E4 /* RealmThreadHelper.swift */,
				9594484A1E0EFD2300FCB1E4 /* RRCError.swift */,
			);
			name = RealmResultsSource;
			path = "../../../../../Downloads/RealmResultsController-master/Source";
			sourceTree = "<group>";
		};
/* End PBXGroup section */

/* Begin PBXNativeTarget section */
		56A6DA7B1BCF655B00A80680 /* TimeTracker */ = {
			isa = PBXNativeTarget;
			buildConfigurationList = 56A6DA8E1BCF655B00A80680 /* Build configuration list for PBXNativeTarget "TimeTracker" */;
			buildPhases = (
				BB2E92EA3358FFD29F6A3821 /* [CP] Check Pods Manifest.lock */,
				56A6DA781BCF655B00A80680 /* Sources */,
				56A6DA791BCF655B00A80680 /* Frameworks */,
				56A6DA7A1BCF655B00A80680 /* Resources */,
				596BF9399D694A979182DCFE /* [CP] Embed Pods Frameworks */,
				FA5E7CB3C6E51ABC40B8B07E /* [CP] Copy Pods Resources */,
				95738D071D3DE2F900EAB881 /* Embed Frameworks */,
			);
			buildRules = (
			);
			dependencies = (
				95738D061D3DE2F800EAB881 /* PBXTargetDependency */,
			);
			name = TimeTracker;
			productName = TimeTracker;
			productReference = 56A6DA7C1BCF655B00A80680 /* TimeTracker.app */;
			productType = "com.apple.product-type.application";
		};
/* End PBXNativeTarget section */

/* Begin PBXProject section */
		56A6DA741BCF655B00A80680 /* Project object */ = {
			isa = PBXProject;
			attributes = {
				LastSwiftUpdateCheck = 0730;
				LastUpgradeCheck = 0810;
				ORGANIZATIONNAME = bronwynbiro;
				TargetAttributes = {
					56A6DA7B1BCF655B00A80680 = {
						CreatedOnToolsVersion = 7.0.1;
						DevelopmentTeam = HWF627ABEC;
						LastSwiftMigration = 0810;
						SystemCapabilities = {
							com.apple.BackgroundModes = {
								enabled = 1;
							};
						};
					};
				};
			};
			buildConfigurationList = 56A6DA771BCF655B00A80680 /* Build configuration list for PBXProject "TimeTracker" */;
			compatibilityVersion = "Xcode 3.2";
			developmentRegion = English;
			hasScannedForEncodings = 0;
			knownRegions = (
				en,
				Base,
			);
			mainGroup = 56A6DA731BCF655B00A80680;
			productRefGroup = 56A6DA7D1BCF655B00A80680 /* Products */;
			projectDirPath = "";
			projectReferences = (
				{
					ProductGroup = 955652081D3BEE1200C063FB /* Products */;
					ProjectRef = 955652071D3BEE1200C063FB /* Charts.xcodeproj */;
				},
			);
			projectRoot = "";
			targets = (
				56A6DA7B1BCF655B00A80680 /* TimeTracker */,
			);
		};
/* End PBXProject section */

/* Begin PBXReferenceProxy section */
		9556520F1D3BEE1300C063FB /* Charts.framework */ = {
			isa = PBXReferenceProxy;
			fileType = wrapper.framework;
			path = Charts.framework;
			remoteRef = 9556520E1D3BEE1300C063FB /* PBXContainerItemProxy */;
			sourceTree = BUILT_PRODUCTS_DIR;
		};
		955652111D3BEE1300C063FB /* Charts.framework */ = {
			isa = PBXReferenceProxy;
			fileType = wrapper.framework;
			path = Charts.framework;
			remoteRef = 955652101D3BEE1300C063FB /* PBXContainerItemProxy */;
			sourceTree = BUILT_PRODUCTS_DIR;
		};
		955652131D3BEE1300C063FB /* Charts.framework */ = {
			isa = PBXReferenceProxy;
			fileType = wrapper.framework;
			path = Charts.framework;
			remoteRef = 955652121D3BEE1300C063FB /* PBXContainerItemProxy */;
			sourceTree = BUILT_PRODUCTS_DIR;
		};
		955652151D3BEE1300C063FB /* ChartsTests.xctest */ = {
			isa = PBXReferenceProxy;
			fileType = wrapper.cfbundle;
			path = ChartsTests.xctest;
			remoteRef = 955652141D3BEE1300C063FB /* PBXContainerItemProxy */;
			sourceTree = BUILT_PRODUCTS_DIR;
		};
/* End PBXReferenceProxy section */

/* Begin PBXResourcesBuildPhase section */
		56A6DA7A1BCF655B00A80680 /* Resources */ = {
			isa = PBXResourcesBuildPhase;
			buildActionMask = 2147483647;
			files = (
				56A6DABA1BCF8BD000A80680 /* Images.xcassets in Resources */,
				56A6DA8A1BCF655B00A80680 /* LaunchScreen.storyboard in Resources */,
				56A6DAB41BCF771200A80680 /* Storyboard.storyboard in Resources */,
			);
			runOnlyForDeploymentPostprocessing = 0;
		};
/* End PBXResourcesBuildPhase section */

/* Begin PBXShellScriptBuildPhase section */
		596BF9399D694A979182DCFE /* [CP] Embed Pods Frameworks */ = {
			isa = PBXShellScriptBuildPhase;
			buildActionMask = 2147483647;
			files = (
			);
			inputPaths = (
			);
			name = "[CP] Embed Pods Frameworks";
			outputPaths = (
			);
			runOnlyForDeploymentPostprocessing = 0;
			shellPath = /bin/sh;
			shellScript = "\"${SRCROOT}/Pods/Target Support Files/Pods-TimeTracker/Pods-TimeTracker-frameworks.sh\"\n";
			showEnvVarsInLog = 0;
		};
		BB2E92EA3358FFD29F6A3821 /* [CP] Check Pods Manifest.lock */ = {
			isa = PBXShellScriptBuildPhase;
			buildActionMask = 2147483647;
			files = (
			);
			inputPaths = (
			);
			name = "[CP] Check Pods Manifest.lock";
			outputPaths = (
			);
			runOnlyForDeploymentPostprocessing = 0;
			shellPath = /bin/sh;
			shellScript = "diff \"${PODS_ROOT}/../Podfile.lock\" \"${PODS_ROOT}/Manifest.lock\" > /dev/null\nif [[ $? != 0 ]] ; then\n    cat << EOM\nerror: The sandbox is not in sync with the Podfile.lock. Run 'pod install' or update your CocoaPods installation.\nEOM\n    exit 1\nfi\n";
			showEnvVarsInLog = 0;
		};
		FA5E7CB3C6E51ABC40B8B07E /* [CP] Copy Pods Resources */ = {
			isa = PBXShellScriptBuildPhase;
			buildActionMask = 2147483647;
			files = (
			);
			inputPaths = (
			);
			name = "[CP] Copy Pods Resources";
			outputPaths = (
			);
			runOnlyForDeploymentPostprocessing = 0;
			shellPath = /bin/sh;
			shellScript = "\"${SRCROOT}/Pods/Target Support Files/Pods-TimeTracker/Pods-TimeTracker-resources.sh\"\n";
			showEnvVarsInLog = 0;
		};
/* End PBXShellScriptBuildPhase section */

/* Begin PBXSourcesBuildPhase section */
		56A6DA781BCF655B00A80680 /* Sources */ = {
			isa = PBXSourcesBuildPhase;
			buildActionMask = 2147483647;
			files = (
				56A6DAB01BCF733F00A80680 /* NewActivityView.swift in Sources */,
				95B56B891CE37D3800D6B89E /* HeaderView.swift in Sources */,
				959448501E0EFD2300FCB1E4 /* RealmNotification.swift in Sources */,
				959448551E0EFD2300FCB1E4 /* RealmSection.swift in Sources */,
				9594484C1E0EFD2300FCB1E4 /* README.md in Sources */,
				95D666211E08E8C600F9D288 /* DataHandler.swift in Sources */,
				56A6DAB21BCF76F800A80680 /* DefaultNavigationController.swift in Sources */,
				56A6DA9F1BCF691300A80680 /* Activity.swift in Sources */,
				95ED46031D33178E00F9F1EA /* ProgressCell.swift in Sources */,
				959448531E0EFD2300FCB1E4 /* RealmResultsCache.swift in Sources */,
				955118FE1CEFE334009E004D /* EditViewController.swift in Sources */,
				959448541E0EFD2300FCB1E4 /* RealmResultsController.swift in Sources */,
				959448521E0EFD2300FCB1E4 /* RealmRequest.swift in Sources */,
				959448561E0EFD2300FCB1E4 /* RealmThreadHelper.swift in Sources */,
				56A6DAAA1BCF705F00A80680 /* ActivityTextfield.swift in Sources */,
				56A6DAAE1BCF727700A80680 /* HistoryCell.swift in Sources */,
				56A6DAB61BCF875200A80680 /* ActivityListViewController.swift in Sources */,
				959448571E0EFD2300FCB1E4 /* RRCError.swift in Sources */,
				56A6DAB81BCF8B3700A80680 /* MainViewController.swift in Sources */,
				56A6DAA81BCF6FCA00A80680 /* GlobalColors.swift in Sources */,
				9594484D1E0EFD2300FCB1E4 /* RealmChange.swift in Sources */,
				959448511E0EFD2300FCB1E4 /* RealmQueueManager.swift in Sources */,
				56A6DAA11BCF691300A80680 /* History.swift in Sources */,
				9594484E1E0EFD2300FCB1E4 /* RealmExtension.swift in Sources */,
				9594484B1E0EFD2300FCB1E4 /* ObjectExtension.swift in Sources */,
				9594484F1E0EFD2300FCB1E4 /* RealmLogger.swift in Sources */,
				56A6DAA61BCF6F8600A80680 /* StringHelper.swift in Sources */,
				56A6DAA31BCF6C2F00A80680 /* NSDateHelper.swift in Sources */,
				958012C11D165EF9000946F6 /* ProgressViewController.swift in Sources */,
				56A6DA801BCF655B00A80680 /* AppDelegate.swift in Sources */,
				56A6DABF1BCFDE2C00A80680 /* HistoryViewController.swift in Sources */,
			);
			runOnlyForDeploymentPostprocessing = 0;
		};
/* End PBXSourcesBuildPhase section */

/* Begin PBXTargetDependency section */
		95738D061D3DE2F800EAB881 /* PBXTargetDependency */ = {
			isa = PBXTargetDependency;
			name = "Charts-iOS";
			targetProxy = 95738D051D3DE2F800EAB881 /* PBXContainerItemProxy */;
		};
/* End PBXTargetDependency section */

/* Begin PBXVariantGroup section */
		56A6DA881BCF655B00A80680 /* LaunchScreen.storyboard */ = {
			isa = PBXVariantGroup;
			children = (
				56A6DA891BCF655B00A80680 /* Base */,
			);
			name = LaunchScreen.storyboard;
			sourceTree = "<group>";
		};
/* End PBXVariantGroup section */

/* Begin XCBuildConfiguration section */
		56A6DA8C1BCF655B00A80680 /* Debug */ = {
			isa = XCBuildConfiguration;
			baseConfigurationReference = 8C938704749F7896FCFC334A /* Pods-TimeTracker.debug.xcconfig */;
			buildSettings = {
				ALWAYS_EMBED_SWIFT_STANDARD_LIBRARIES = YES;
				ALWAYS_SEARCH_USER_PATHS = NO;
				CLANG_CXX_LANGUAGE_STANDARD = "gnu++0x";
				CLANG_CXX_LIBRARY = "libc++";
				CLANG_ENABLE_MODULES = YES;
				CLANG_ENABLE_OBJC_ARC = YES;
				CLANG_WARN_BOOL_CONVERSION = YES;
				CLANG_WARN_CONSTANT_CONVERSION = YES;
				CLANG_WARN_DIRECT_OBJC_ISA_USAGE = YES_ERROR;
				CLANG_WARN_EMPTY_BODY = YES;
				CLANG_WARN_ENUM_CONVERSION = YES;
				CLANG_WARN_INFINITE_RECURSION = YES;
				CLANG_WARN_INT_CONVERSION = YES;
				CLANG_WARN_OBJC_ROOT_CLASS = YES_ERROR;
				CLANG_WARN_SUSPICIOUS_MOVE = YES;
				CLANG_WARN_UNREACHABLE_CODE = YES;
				CLANG_WARN__DUPLICATE_METHOD_MATCH = YES;
				CODE_SIGN_IDENTITY = "iPhone Developer: bronwyn.biro@gmail.com (9PK6Y23GK3)";
				"CODE_SIGN_IDENTITY[sdk=iphoneos*]" = "iPhone Developer: bronwyn.biro@gmail.com (9PK6Y23GK3)";
				COPY_PHASE_STRIP = NO;
				DEBUG_INFORMATION_FORMAT = dwarf;
				ENABLE_STRICT_OBJC_MSGSEND = YES;
				ENABLE_TESTABILITY = YES;
				GCC_C_LANGUAGE_STANDARD = gnu99;
				GCC_DYNAMIC_NO_PIC = NO;
				GCC_NO_COMMON_BLOCKS = YES;
				GCC_OPTIMIZATION_LEVEL = 0;
				GCC_PREPROCESSOR_DEFINITIONS = (
					"DEBUG=1",
					"$(inherited)",
				);
				GCC_WARN_64_TO_32_BIT_CONVERSION = YES;
				GCC_WARN_ABOUT_RETURN_TYPE = YES_ERROR;
				GCC_WARN_UNDECLARED_SELECTOR = YES;
				GCC_WARN_UNINITIALIZED_AUTOS = YES_AGGRESSIVE;
				GCC_WARN_UNUSED_FUNCTION = YES;
				GCC_WARN_UNUSED_VARIABLE = YES;
				IPHONEOS_DEPLOYMENT_TARGET = 9.2;
				MTL_ENABLE_DEBUG_INFO = YES;
				ONLY_ACTIVE_ARCH = YES;
				SDKROOT = iphoneos;
				SWIFT_OPTIMIZATION_LEVEL = "-Onone";
			};
			name = Debug;
		};
		56A6DA8D1BCF655B00A80680 /* Release */ = {
			isa = XCBuildConfiguration;
			buildSettings = {
				ALWAYS_SEARCH_USER_PATHS = NO;
				CLANG_CXX_LANGUAGE_STANDARD = "gnu++0x";
				CLANG_CXX_LIBRARY = "libc++";
				CLANG_ENABLE_MODULES = YES;
				CLANG_ENABLE_OBJC_ARC = YES;
				CLANG_WARN_BOOL_CONVERSION = YES;
				CLANG_WARN_CONSTANT_CONVERSION = YES;
				CLANG_WARN_DIRECT_OBJC_ISA_USAGE = YES_ERROR;
				CLANG_WARN_EMPTY_BODY = YES;
				CLANG_WARN_ENUM_CONVERSION = YES;
				CLANG_WARN_INFINITE_RECURSION = YES;
				CLANG_WARN_INT_CONVERSION = YES;
				CLANG_WARN_OBJC_ROOT_CLASS = YES_ERROR;
				CLANG_WARN_SUSPICIOUS_MOVE = YES;
				CLANG_WARN_UNREACHABLE_CODE = YES;
				CLANG_WARN__DUPLICATE_METHOD_MATCH = YES;
				CODE_SIGN_IDENTITY = "iPhone Developer: bronwyn.biro@gmail.com (9PK6Y23GK3)";
				"CODE_SIGN_IDENTITY[sdk=iphoneos*]" = "iPhone Developer: bronwyn.biro@gmail.com (9PK6Y23GK3)";
				COPY_PHASE_STRIP = NO;
				DEBUG_INFORMATION_FORMAT = "dwarf-with-dsym";
				ENABLE_NS_ASSERTIONS = NO;
				ENABLE_STRICT_OBJC_MSGSEND = YES;
				GCC_C_LANGUAGE_STANDARD = gnu99;
				GCC_NO_COMMON_BLOCKS = YES;
				GCC_WARN_64_TO_32_BIT_CONVERSION = YES;
				GCC_WARN_ABOUT_RETURN_TYPE = YES_ERROR;
				GCC_WARN_UNDECLARED_SELECTOR = YES;
				GCC_WARN_UNINITIALIZED_AUTOS = YES_AGGRESSIVE;
				GCC_WARN_UNUSED_FUNCTION = YES;
				GCC_WARN_UNUSED_VARIABLE = YES;
				IPHONEOS_DEPLOYMENT_TARGET = 9.2;
				MTL_ENABLE_DEBUG_INFO = NO;
				ONLY_ACTIVE_ARCH = NO;
				SDKROOT = iphoneos;
				SWIFT_OPTIMIZATION_LEVEL = "-Owholemodule";
				VALIDATE_PRODUCT = YES;
			};
			name = Release;
		};
		56A6DA8F1BCF655B00A80680 /* Debug */ = {
			isa = XCBuildConfiguration;
			baseConfigurationReference = 8C938704749F7896FCFC334A /* Pods-TimeTracker.debug.xcconfig */;
			buildSettings = {
				ALWAYS_EMBED_SWIFT_STANDARD_LIBRARIES = YES;
				ASSETCATALOG_COMPILER_APPICON_NAME = AppIcon;
				CLANG_ENABLE_MODULES = YES;
				CODE_SIGN_IDENTITY = "iPhone Developer";
				ENABLE_TESTABILITY = YES;
				INFOPLIST_FILE = TimeTracker/Info.plist;
				IPHONEOS_DEPLOYMENT_TARGET = 9.2;
				LD_RUNPATH_SEARCH_PATHS = "$(inherited) @executable_path/Frameworks";
				PRODUCT_BUNDLE_IDENTIFIER = com.bronwynbiro.TimeTracker;
				PRODUCT_NAME = "$(TARGET_NAME)";
				SWIFT_OBJC_BRIDGING_HEADER = "TimeTracker/TimeTracker-Bridging-Header.h";
				SWIFT_OPTIMIZATION_LEVEL = "-Onone";
				SWIFT_VERSION = 3.0;
				TARGETED_DEVICE_FAMILY = 1;
			};
			name = Debug;
		};
		56A6DA901BCF655B00A80680 /* Release */ = {
			isa = XCBuildConfiguration;
			baseConfigurationReference = EB0801D41FDA0FC437A9F377 /* Pods-TimeTracker.release.xcconfig */;
			buildSettings = {
				ALWAYS_EMBED_SWIFT_STANDARD_LIBRARIES = YES;
				ASSETCATALOG_COMPILER_APPICON_NAME = AppIcon;
				CLANG_ENABLE_MODULES = YES;
				CODE_SIGN_IDENTITY = "iPhone Developer";
				ENABLE_TESTABILITY = NO;
				INFOPLIST_FILE = TimeTracker/Info.plist;
				IPHONEOS_DEPLOYMENT_TARGET = 9.2;
				LD_RUNPATH_SEARCH_PATHS = "$(inherited) @executable_path/Frameworks";
				MTL_ENABLE_DEBUG_INFO = NO;
				PRODUCT_BUNDLE_IDENTIFIER = com.bronwynbiro.TimeTracker;
				PRODUCT_NAME = "$(TARGET_NAME)";
				SWIFT_OBJC_BRIDGING_HEADER = "TimeTracker/TimeTracker-Bridging-Header.h";
				SWIFT_VERSION = 3.0;
				TARGETED_DEVICE_FAMILY = 1;
			};
			name = Release;
		};
/* End XCBuildConfiguration section */

/* Begin XCConfigurationList section */
		56A6DA771BCF655B00A80680 /* Build configuration list for PBXProject "TimeTracker" */ = {
			isa = XCConfigurationList;
			buildConfigurations = (
				56A6DA8C1BCF655B00A80680 /* Debug */,
				56A6DA8D1BCF655B00A80680 /* Release */,
			);
			defaultConfigurationIsVisible = 0;
			defaultConfigurationName = Debug;
		};
		56A6DA8E1BCF655B00A80680 /* Build configuration list for PBXNativeTarget "TimeTracker" */ = {
			isa = XCConfigurationList;
			buildConfigurations = (
				56A6DA8F1BCF655B00A80680 /* Debug */,
				56A6DA901BCF655B00A80680 /* Release */,
			);
			defaultConfigurationIsVisible = 0;
			defaultConfigurationName = Debug;
		};
/* End XCConfigurationList section */
	};
	rootObject = 56A6DA741BCF655B00A80680 /* Project object */;
}
