// !$*UTF8*$!
{
	archiveVersion = 1;
	classes = {
	};
	objectVersion = 46;
	objects = {

/* Begin PBXBuildFile section */
		567692801BD0E40C00FEA04F /* CoreData.framework in Frameworks */ = {isa = PBXBuildFile; fileRef = 5676927F1BD0E40C00FEA04F /* CoreData.framework */; };
		56A6DA801BCF655B00A80680 /* AppDelegate.swift in Sources */ = {isa = PBXBuildFile; fileRef = 56A6DA7F1BCF655B00A80680 /* AppDelegate.swift */; };
		56A6DA8A1BCF655B00A80680 /* LaunchScreen.storyboard in Resources */ = {isa = PBXBuildFile; fileRef = 56A6DA881BCF655B00A80680 /* LaunchScreen.storyboard */; };
		56A6DA961BCF65FF00A80680 /* CoreDataHandler.swift in Sources */ = {isa = PBXBuildFile; fileRef = 56A6DA951BCF65FF00A80680 /* CoreDataHandler.swift */; };
		56A6DA991BCF689E00A80680 /* Model.xcdatamodeld in Sources */ = {isa = PBXBuildFile; fileRef = 56A6DA971BCF689E00A80680 /* Model.xcdatamodeld */; };
		56A6DA9E1BCF691300A80680 /* Activity+CoreDataProperties.swift in Sources */ = {isa = PBXBuildFile; fileRef = 56A6DA9A1BCF691300A80680 /* Activity+CoreDataProperties.swift */; };
		56A6DA9F1BCF691300A80680 /* Activity.swift in Sources */ = {isa = PBXBuildFile; fileRef = 56A6DA9B1BCF691300A80680 /* Activity.swift */; };
		56A6DAA01BCF691300A80680 /* History+CoreDataProperties.swift in Sources */ = {isa = PBXBuildFile; fileRef = 56A6DA9C1BCF691300A80680 /* History+CoreDataProperties.swift */; };
		56A6DAA11BCF691300A80680 /* History.swift in Sources */ = {isa = PBXBuildFile; fileRef = 56A6DA9D1BCF691300A80680 /* History.swift */; };
		56A6DAA31BCF6C2F00A80680 /* NSDateHelper.swift in Sources */ = {isa = PBXBuildFile; fileRef = 56A6DAA21BCF6C2F00A80680 /* NSDateHelper.swift */; };
		56A6DAA61BCF6F8600A80680 /* StringHelper.swift in Sources */ = {isa = PBXBuildFile; fileRef = 56A6DAA51BCF6F8600A80680 /* StringHelper.swift */; };
		56A6DAA81BCF6FCA00A80680 /* GlobalColors.swift in Sources */ = {isa = PBXBuildFile; fileRef = 56A6DAA71BCF6FCA00A80680 /* GlobalColors.swift */; };
		56A6DAAA1BCF705F00A80680 /* ActivityTextfield.swift in Sources */ = {isa = PBXBuildFile; fileRef = 56A6DAA91BCF705F00A80680 /* ActivityTextfield.swift */; };
		56A6DAAE1BCF727700A80680 /* HistoryCell.swift in Sources */ = {isa = PBXBuildFile; fileRef = 56A6DAAD1BCF727700A80680 /* HistoryCell.swift */; };
		56A6DAB01BCF733F00A80680 /* NewActivityView.swift in Sources */ = {isa = PBXBuildFile; fileRef = 56A6DAAF1BCF733F00A80680 /* NewActivityView.swift */; };
		56A6DAB21BCF76F800A80680 /* DefaultNavigationController.swift in Sources */ = {isa = PBXBuildFile; fileRef = 56A6DAB11BCF76F800A80680 /* DefaultNavigationController.swift */; };
		56A6DAB41BCF771200A80680 /* Storyboard.storyboard in Resources */ = {isa = PBXBuildFile; fileRef = 56A6DAB31BCF771200A80680 /* Storyboard.storyboard */; };
		56A6DAB61BCF875200A80680 /* ActivityListViewController.swift in Sources */ = {isa = PBXBuildFile; fileRef = 56A6DAB51BCF875200A80680 /* ActivityListViewController.swift */; };
		56A6DAB81BCF8B3700A80680 /* MainViewController.swift in Sources */ = {isa = PBXBuildFile; fileRef = 56A6DAB71BCF8B3700A80680 /* MainViewController.swift */; };
		56A6DABA1BCF8BD000A80680 /* Images.xcassets in Resources */ = {isa = PBXBuildFile; fileRef = 56A6DAB91BCF8BD000A80680 /* Images.xcassets */; };
		56A6DABF1BCFDE2C00A80680 /* HistoryViewController.swift in Sources */ = {isa = PBXBuildFile; fileRef = 56A6DABE1BCFDE2C00A80680 /* HistoryViewController.swift */; };
		955118FE1CEFE334009E004D /* EditViewController.swift in Sources */ = {isa = PBXBuildFile; fileRef = 955118FD1CEFE334009E004D /* EditViewController.swift */; };
		958012C11D165EF9000946F6 /* ProgressViewController.swift in Sources */ = {isa = PBXBuildFile; fileRef = 958012C01D165EF9000946F6 /* ProgressViewController.swift */; };
		95B56B891CE37D3800D6B89E /* HeaderView.swift in Sources */ = {isa = PBXBuildFile; fileRef = 95B56B881CE37D3800D6B89E /* HeaderView.swift */; };
/* End PBXBuildFile section */

/* Begin PBXFileReference section */
		5676927F1BD0E40C00FEA04F /* CoreData.framework */ = {isa = PBXFileReference; lastKnownFileType = wrapper.framework; name = CoreData.framework; path = System/Library/Frameworks/CoreData.framework; sourceTree = SDKROOT; };
		56A6DA7C1BCF655B00A80680 /* TimeTracker.app */ = {isa = PBXFileReference; explicitFileType = wrapper.application; includeInIndex = 0; path = TimeTracker.app; sourceTree = BUILT_PRODUCTS_DIR; };
		56A6DA7F1BCF655B00A80680 /* AppDelegate.swift */ = {isa = PBXFileReference; lastKnownFileType = sourcecode.swift; path = AppDelegate.swift; sourceTree = "<group>"; };
		56A6DA891BCF655B00A80680 /* Base */ = {isa = PBXFileReference; lastKnownFileType = file.storyboard; name = Base; path = Base.lproj/LaunchScreen.storyboard; sourceTree = "<group>"; };
		56A6DA8B1BCF655B00A80680 /* Info.plist */ = {isa = PBXFileReference; lastKnownFileType = text.plist.xml; path = Info.plist; sourceTree = "<group>"; };
		56A6DA951BCF65FF00A80680 /* CoreDataHandler.swift */ = {isa = PBXFileReference; fileEncoding = 4; lastKnownFileType = sourcecode.swift; path = CoreDataHandler.swift; sourceTree = "<group>"; };
		56A6DA981BCF689E00A80680 /* Model.xcdatamodel */ = {isa = PBXFileReference; lastKnownFileType = wrapper.xcdatamodel; path = Model.xcdatamodel; sourceTree = "<group>"; };
		56A6DA9A1BCF691300A80680 /* Activity+CoreDataProperties.swift */ = {isa = PBXFileReference; fileEncoding = 4; lastKnownFileType = sourcecode.swift; path = "Activity+CoreDataProperties.swift"; sourceTree = "<group>"; };
		56A6DA9B1BCF691300A80680 /* Activity.swift */ = {isa = PBXFileReference; fileEncoding = 4; lastKnownFileType = sourcecode.swift; path = Activity.swift; sourceTree = "<group>"; };
		56A6DA9C1BCF691300A80680 /* History+CoreDataProperties.swift */ = {isa = PBXFileReference; fileEncoding = 4; lastKnownFileType = sourcecode.swift; path = "History+CoreDataProperties.swift"; sourceTree = "<group>"; };
		56A6DA9D1BCF691300A80680 /* History.swift */ = {isa = PBXFileReference; fileEncoding = 4; lastKnownFileType = sourcecode.swift; path = History.swift; sourceTree = "<group>"; };
		56A6DAA21BCF6C2F00A80680 /* NSDateHelper.swift */ = {isa = PBXFileReference; fileEncoding = 4; lastKnownFileType = sourcecode.swift; path = NSDateHelper.swift; sourceTree = "<group>"; };
		56A6DAA51BCF6F8600A80680 /* StringHelper.swift */ = {isa = PBXFileReference; fileEncoding = 4; lastKnownFileType = sourcecode.swift; path = StringHelper.swift; sourceTree = "<group>"; };
		56A6DAA71BCF6FCA00A80680 /* GlobalColors.swift */ = {isa = PBXFileReference; fileEncoding = 4; lastKnownFileType = sourcecode.swift; path = GlobalColors.swift; sourceTree = "<group>"; };
		56A6DAA91BCF705F00A80680 /* ActivityTextfield.swift */ = {isa = PBXFileReference; fileEncoding = 4; lastKnownFileType = sourcecode.swift; path = ActivityTextfield.swift; sourceTree = "<group>"; };
		56A6DAAD1BCF727700A80680 /* HistoryCell.swift */ = {isa = PBXFileReference; fileEncoding = 4; lastKnownFileType = sourcecode.swift; path = HistoryCell.swift; sourceTree = "<group>"; };
		56A6DAAF1BCF733F00A80680 /* NewActivityView.swift */ = {isa = PBXFileReference; fileEncoding = 4; lastKnownFileType = sourcecode.swift; path = NewActivityView.swift; sourceTree = "<group>"; };
		56A6DAB11BCF76F800A80680 /* DefaultNavigationController.swift */ = {isa = PBXFileReference; fileEncoding = 4; lastKnownFileType = sourcecode.swift; path = DefaultNavigationController.swift; sourceTree = "<group>"; };
		56A6DAB31BCF771200A80680 /* Storyboard.storyboard */ = {isa = PBXFileReference; fileEncoding = 4; lastKnownFileType = file.storyboard; path = Storyboard.storyboard; sourceTree = "<group>"; };
		56A6DAB51BCF875200A80680 /* ActivityListViewController.swift */ = {isa = PBXFileReference; fileEncoding = 4; lastKnownFileType = sourcecode.swift; path = ActivityListViewController.swift; sourceTree = "<group>"; };
		56A6DAB71BCF8B3700A80680 /* MainViewController.swift */ = {isa = PBXFileReference; fileEncoding = 4; lastKnownFileType = sourcecode.swift; path = MainViewController.swift; sourceTree = "<group>"; };
		56A6DAB91BCF8BD000A80680 /* Images.xcassets */ = {isa = PBXFileReference; lastKnownFileType = folder.assetcatalog; path = Images.xcassets; sourceTree = "<group>"; };
		56A6DABE1BCFDE2C00A80680 /* HistoryViewController.swift */ = {isa = PBXFileReference; fileEncoding = 4; lastKnownFileType = sourcecode.swift; path = HistoryViewController.swift; sourceTree = "<group>"; };
		955118FD1CEFE334009E004D /* EditViewController.swift */ = {isa = PBXFileReference; fileEncoding = 4; lastKnownFileType = sourcecode.swift; path = EditViewController.swift; sourceTree = "<group>"; };
		958012C01D165EF9000946F6 /* ProgressViewController.swift */ = {isa = PBXFileReference; fileEncoding = 4; lastKnownFileType = sourcecode.swift; path = ProgressViewController.swift; sourceTree = "<group>"; };
		95B56B881CE37D3800D6B89E /* HeaderView.swift */ = {isa = PBXFileReference; fileEncoding = 4; lastKnownFileType = sourcecode.swift; name = HeaderView.swift; path = ../viewcontrollers/HeaderView.swift; sourceTree = "<group>"; };
/* End PBXFileReference section */

/* Begin PBXFrameworksBuildPhase section */
		56A6DA791BCF655B00A80680 /* Frameworks */ = {
			isa = PBXFrameworksBuildPhase;
			buildActionMask = 2147483647;
			files = (
				567692801BD0E40C00FEA04F /* CoreData.framework in Frameworks */,
			);
			runOnlyForDeploymentPostprocessing = 0;
		};
/* End PBXFrameworksBuildPhase section */

/* Begin PBXGroup section */
		567692811BD0E41000FEA04F /* Frameworks */ = {
			isa = PBXGroup;
			children = (
				5676927F1BD0E40C00FEA04F /* CoreData.framework */,
			);
			name = Frameworks;
			sourceTree = "<group>";
		};
		56A6DA731BCF655B00A80680 = {
			isa = PBXGroup;
			children = (
				56A6DA7E1BCF655B00A80680 /* TimeTracker */,
				567692811BD0E41000FEA04F /* Frameworks */,
				56A6DA7D1BCF655B00A80680 /* Products */,
			);
			sourceTree = "<group>";
		};
		56A6DA7D1BCF655B00A80680 /* Products */ = {
			isa = PBXGroup;
			children = (
				56A6DA7C1BCF655B00A80680 /* TimeTracker.app */,
			);
			name = Products;
			sourceTree = "<group>";
		};
		56A6DA7E1BCF655B00A80680 /* TimeTracker */ = {
			isa = PBXGroup;
			children = (
				56A6DA7F1BCF655B00A80680 /* AppDelegate.swift */,
				56A6DA941BCF65E100A80680 /* Viewcontrollers */,
				56A6DA921BCF65D800A80680 /* Objects */,
				56A6DA911BCF65CC00A80680 /* Supporting files */,
			);
			path = TimeTracker;
			sourceTree = "<group>";
		};
		56A6DA911BCF65CC00A80680 /* Supporting files */ = {
			isa = PBXGroup;
			children = (
				56A6DAB91BCF8BD000A80680 /* Images.xcassets */,
				56A6DAB31BCF771200A80680 /* Storyboard.storyboard */,
				56A6DA881BCF655B00A80680 /* LaunchScreen.storyboard */,
				56A6DA8B1BCF655B00A80680 /* Info.plist */,
			);
			name = "Supporting files";
			sourceTree = "<group>";
		};
		56A6DA921BCF65D800A80680 /* Objects */ = {
			isa = PBXGroup;
			children = (
				56A6DAA41BCF6F6A00A80680 /* Core Data */,
				56A6DAA21BCF6C2F00A80680 /* NSDateHelper.swift */,
				56A6DAA51BCF6F8600A80680 /* StringHelper.swift */,
				56A6DAA71BCF6FCA00A80680 /* GlobalColors.swift */,
			);
			name = Objects;
			path = objects;
			sourceTree = "<group>";
		};
		56A6DA931BCF65DD00A80680 /* Views */ = {
			isa = PBXGroup;
			children = (
				56A6DAA91BCF705F00A80680 /* ActivityTextfield.swift */,
				95B56B881CE37D3800D6B89E /* HeaderView.swift */,
				56A6DAAD1BCF727700A80680 /* HistoryCell.swift */,
				56A6DAAF1BCF733F00A80680 /* NewActivityView.swift */,
			);
			name = Views;
			path = ../views;
			sourceTree = "<group>";
		};
		56A6DA941BCF65E100A80680 /* Viewcontrollers */ = {
			isa = PBXGroup;
			children = (
				56A6DAB11BCF76F800A80680 /* DefaultNavigationController.swift */,
				56A6DAB71BCF8B3700A80680 /* MainViewController.swift */,
				56A6DAB51BCF875200A80680 /* ActivityListViewController.swift */,
				958012C01D165EF9000946F6 /* ProgressViewController.swift */,
				56A6DABE1BCFDE2C00A80680 /* HistoryViewController.swift */,
				955118FD1CEFE334009E004D /* EditViewController.swift */,
				56A6DA931BCF65DD00A80680 /* Views */,
			);
			name = Viewcontrollers;
			path = viewcontrollers;
			sourceTree = "<group>";
		};
		56A6DAA41BCF6F6A00A80680 /* Core Data */ = {
			isa = PBXGroup;
			children = (
				56A6DA951BCF65FF00A80680 /* CoreDataHandler.swift */,
				56A6DA971BCF689E00A80680 /* Model.xcdatamodeld */,
				56A6DA9A1BCF691300A80680 /* Activity+CoreDataProperties.swift */,
				56A6DA9B1BCF691300A80680 /* Activity.swift */,
				56A6DA9C1BCF691300A80680 /* History+CoreDataProperties.swift */,
				56A6DA9D1BCF691300A80680 /* History.swift */,
			);
			name = "Core Data";
			sourceTree = "<group>";
		};
/* End PBXGroup section */

/* Begin PBXNativeTarget section */
		56A6DA7B1BCF655B00A80680 /* TimeTracker */ = {
			isa = PBXNativeTarget;
			buildConfigurationList = 56A6DA8E1BCF655B00A80680 /* Build configuration list for PBXNativeTarget "TimeTracker" */;
			buildPhases = (
				56A6DA781BCF655B00A80680 /* Sources */,
				56A6DA791BCF655B00A80680 /* Frameworks */,
				56A6DA7A1BCF655B00A80680 /* Resources */,
			);
			buildRules = (
			);
			dependencies = (
			);
			name = TimeTracker;
			productName = TimeTracker;
			productReference = 56A6DA7C1BCF655B00A80680 /* TimeTracker.app */;
			productType = "com.apple.product-type.application";
		};
/* End PBXNativeTarget section */

/* Begin PBXProject section */
		56A6DA741BCF655B00A80680 /* Project object */ = {
			isa = PBXProject;
			attributes = {
				LastUpgradeCheck = 0700;
				ORGANIZATIONNAME = bronwynbiro;
				TargetAttributes = {
					56A6DA7B1BCF655B00A80680 = {
						CreatedOnToolsVersion = 7.0.1;
						DevelopmentTeam = HWF627ABEC;
					};
				};
			};
			buildConfigurationList = 56A6DA771BCF655B00A80680 /* Build configuration list for PBXProject "TimeTracker" */;
			compatibilityVersion = "Xcode 3.2";
			developmentRegion = English;
			hasScannedForEncodings = 0;
			knownRegions = (
				en,
				Base,
			);
			mainGroup = 56A6DA731BCF655B00A80680;
			productRefGroup = 56A6DA7D1BCF655B00A80680 /* Products */;
			projectDirPath = "";
			projectRoot = "";
			targets = (
				56A6DA7B1BCF655B00A80680 /* TimeTracker */,
			);
		};
/* End PBXProject section */

/* Begin PBXResourcesBuildPhase section */
		56A6DA7A1BCF655B00A80680 /* Resources */ = {
			isa = PBXResourcesBuildPhase;
			buildActionMask = 2147483647;
			files = (
				56A6DABA1BCF8BD000A80680 /* Images.xcassets in Resources */,
				56A6DA8A1BCF655B00A80680 /* LaunchScreen.storyboard in Resources */,
				56A6DAB41BCF771200A80680 /* Storyboard.storyboard in Resources */,
			);
			runOnlyForDeploymentPostprocessing = 0;
		};
/* End PBXResourcesBuildPhase section */

/* Begin PBXSourcesBuildPhase section */
		56A6DA781BCF655B00A80680 /* Sources */ = {
			isa = PBXSourcesBuildPhase;
			buildActionMask = 2147483647;
			files = (
				56A6DAB01BCF733F00A80680 /* NewActivityView.swift in Sources */,
				95B56B891CE37D3800D6B89E /* HeaderView.swift in Sources */,
				56A6DAB21BCF76F800A80680 /* DefaultNavigationController.swift in Sources */,
				56A6DA9F1BCF691300A80680 /* Activity.swift in Sources */,
				955118FE1CEFE334009E004D /* EditViewController.swift in Sources */,
				56A6DA9E1BCF691300A80680 /* Activity+CoreDataProperties.swift in Sources */,
				56A6DAAA1BCF705F00A80680 /* ActivityTextfield.swift in Sources */,
				56A6DAAE1BCF727700A80680 /* HistoryCell.swift in Sources */,
				56A6DAB61BCF875200A80680 /* ActivityListViewController.swift in Sources */,
				56A6DAB81BCF8B3700A80680 /* MainViewController.swift in Sources */,
				56A6DAA81BCF6FCA00A80680 /* GlobalColors.swift in Sources */,
				56A6DAA11BCF691300A80680 /* History.swift in Sources */,
				56A6DAA61BCF6F8600A80680 /* StringHelper.swift in Sources */,
				56A6DAA01BCF691300A80680 /* History+CoreDataProperties.swift in Sources */,
				56A6DAA31BCF6C2F00A80680 /* NSDateHelper.swift in Sources */,
				958012C11D165EF9000946F6 /* ProgressViewController.swift in Sources */,
				56A6DA801BCF655B00A80680 /* AppDelegate.swift in Sources */,
				56A6DABF1BCFDE2C00A80680 /* HistoryViewController.swift in Sources */,
				56A6DA961BCF65FF00A80680 /* CoreDataHandler.swift in Sources */,
				56A6DA991BCF689E00A80680 /* Model.xcdatamodeld in Sources */,
			);
			runOnlyForDeploymentPostprocessing = 0;
		};
/* End PBXSourcesBuildPhase section */

/* Begin PBXVariantGroup section */
		56A6DA881BCF655B00A80680 /* LaunchScreen.storyboard */ = {
			isa = PBXVariantGroup;
			children = (
				56A6DA891BCF655B00A80680 /* Base */,
			);
			name = LaunchScreen.storyboard;
			sourceTree = "<group>";
		};
/* End PBXVariantGroup section */

/* Begin XCBuildConfiguration section */
		56A6DA8C1BCF655B00A80680 /* Debug */ = {
			isa = XCBuildConfiguration;
			buildSettings = {
				ALWAYS_SEARCH_USER_PATHS = NO;
				CLANG_CXX_LANGUAGE_STANDARD = "gnu++0x";
				CLANG_CXX_LIBRARY = "libc++";
				CLANG_ENABLE_MODULES = YES;
				CLANG_ENABLE_OBJC_ARC = YES;
				CLANG_WARN_BOOL_CONVERSION = YES;
				CLANG_WARN_CONSTANT_CONVERSION = YES;
				CLANG_WARN_DIRECT_OBJC_ISA_USAGE = YES_ERROR;
				CLANG_WARN_EMPTY_BODY = YES;
				CLANG_WARN_ENUM_CONVERSION = YES;
				CLANG_WARN_INT_CONVERSION = YES;
				CLANG_WARN_OBJC_ROOT_CLASS = YES_ERROR;
				CLANG_WARN_UNREACHABLE_CODE = YES;
				CLANG_WARN__DUPLICATE_METHOD_MATCH = YES;
				"CODE_SIGN_IDENTITY[sdk=iphoneos*]" = "iPhone Developer";
				COPY_PHASE_STRIP = NO;
				DEBUG_INFORMATION_FORMAT = dwarf;
				ENABLE_STRICT_OBJC_MSGSEND = YES;
				ENABLE_TESTABILITY = YES;
				GCC_C_LANGUAGE_STANDARD = gnu99;
				GCC_DYNAMIC_NO_PIC = NO;
				GCC_NO_COMMON_BLOCKS = YES;
				GCC_OPTIMIZATION_LEVEL = 0;
				GCC_PREPROCESSOR_DEFINITIONS = (
					"DEBUG=1",
					"$(inherited)",
				);
				GCC_WARN_64_TO_32_BIT_CONVERSION = YES;
				GCC_WARN_ABOUT_RETURN_TYPE = YES_ERROR;
				GCC_WARN_UNDECLARED_SELECTOR = YES;
				GCC_WARN_UNINITIALIZED_AUTOS = YES_AGGRESSIVE;
				GCC_WARN_UNUSED_FUNCTION = YES;
				GCC_WARN_UNUSED_VARIABLE = YES;
				IPHONEOS_DEPLOYMENT_TARGET = 7.0;
				MTL_ENABLE_DEBUG_INFO = YES;
				ONLY_ACTIVE_ARCH = YES;
				SDKROOT = iphoneos;
				SWIFT_OPTIMIZATION_LEVEL = "-Onone";
			};
			name = Debug;
		};
		56A6DA8D1BCF655B00A80680 /* Release */ = {
			isa = XCBuildConfiguration;
			buildSettings = {
				ALWAYS_SEARCH_USER_PATHS = NO;
				CLANG_CXX_LANGUAGE_STANDARD = "gnu++0x";
				CLANG_CXX_LIBRARY = "libc++";
				CLANG_ENABLE_MODULES = YES;
				CLANG_ENABLE_OBJC_ARC = YES;
				CLANG_WARN_BOOL_CONVERSION = YES;
				CLANG_WARN_CONSTANT_CONVERSION = YES;
				CLANG_WARN_DIRECT_OBJC_ISA_USAGE = YES_ERROR;
				CLANG_WARN_EMPTY_BODY = YES;
				CLANG_WARN_ENUM_CONVERSION = YES;
				CLANG_WARN_INT_CONVERSION = YES;
				CLANG_WARN_OBJC_ROOT_CLASS = YES_ERROR;
				CLANG_WARN_UNREACHABLE_CODE = YES;
				CLANG_WARN__DUPLICATE_METHOD_MATCH = YES;
				"CODE_SIGN_IDENTITY[sdk=iphoneos*]" = "iPhone Developer";
				COPY_PHASE_STRIP = NO;
				DEBUG_INFORMATION_FORMAT = "dwarf-with-dsym";
				ENABLE_NS_ASSERTIONS = NO;
				ENABLE_STRICT_OBJC_MSGSEND = YES;
				GCC_C_LANGUAGE_STANDARD = gnu99;
				GCC_NO_COMMON_BLOCKS = YES;
				GCC_WARN_64_TO_32_BIT_CONVERSION = YES;
				GCC_WARN_ABOUT_RETURN_TYPE = YES_ERROR;
				GCC_WARN_UNDECLARED_SELECTOR = YES;
				GCC_WARN_UNINITIALIZED_AUTOS = YES_AGGRESSIVE;
				GCC_WARN_UNUSED_FUNCTION = YES;
				GCC_WARN_UNUSED_VARIABLE = YES;
				IPHONEOS_DEPLOYMENT_TARGET = 7.0;
				MTL_ENABLE_DEBUG_INFO = NO;
				SDKROOT = iphoneos;
				VALIDATE_PRODUCT = YES;
			};
			name = Release;
		};
		56A6DA8F1BCF655B00A80680 /* Debug */ = {
			isa = XCBuildConfiguration;
			buildSettings = {
				ASSETCATALOG_COMPILER_APPICON_NAME = AppIcon;
				CODE_SIGN_IDENTITY = "iPhone Developer";
				INFOPLIST_FILE = TimeTracker/Info.plist;
				IPHONEOS_DEPLOYMENT_TARGET = 9.1;
				LD_RUNPATH_SEARCH_PATHS = "$(inherited) @executable_path/Frameworks";
				PRODUCT_BUNDLE_IDENTIFIER = com.bronwynbiro.TimeTracker;
				PRODUCT_NAME = "$(TARGET_NAME)";
				TARGETED_DEVICE_FAMILY = 1;
			};
			name = Debug;
		};
		56A6DA901BCF655B00A80680 /* Release */ = {
			isa = XCBuildConfiguration;
			buildSettings = {
				ASSETCATALOG_COMPILER_APPICON_NAME = AppIcon;
				CODE_SIGN_IDENTITY = "iPhone Developer";
				INFOPLIST_FILE = TimeTracker/Info.plist;
				IPHONEOS_DEPLOYMENT_TARGET = 9.1;
				LD_RUNPATH_SEARCH_PATHS = "$(inherited) @executable_path/Frameworks";
				PRODUCT_BUNDLE_IDENTIFIER = com.bronwynbiro.TimeTracker;
				PRODUCT_NAME = "$(TARGET_NAME)";
				TARGETED_DEVICE_FAMILY = 1;
			};
			name = Release;
		};
/* End XCBuildConfiguration section */

/* Begin XCConfigurationList section */
		56A6DA771BCF655B00A80680 /* Build configuration list for PBXProject "TimeTracker" */ = {
			isa = XCConfigurationList;
			buildConfigurations = (
				56A6DA8C1BCF655B00A80680 /* Debug */,
				56A6DA8D1BCF655B00A80680 /* Release */,
			);
			defaultConfigurationIsVisible = 0;
			defaultConfigurationName = Release;
		};
		56A6DA8E1BCF655B00A80680 /* Build configuration list for PBXNativeTarget "TimeTracker" */ = {
			isa = XCConfigurationList;
			buildConfigurations = (
				56A6DA8F1BCF655B00A80680 /* Debug */,
				56A6DA901BCF655B00A80680 /* Release */,
			);
			defaultConfigurationIsVisible = 0;
			defaultConfigurationName = Release;
		};
/* End XCConfigurationList section */

/* Begin XCVersionGroup section */
		56A6DA971BCF689E00A80680 /* Model.xcdatamodeld */ = {
			isa = XCVersionGroup;
			children = (
				56A6DA981BCF689E00A80680 /* Model.xcdatamodel */,
			);
			currentVersion = 56A6DA981BCF689E00A80680 /* Model.xcdatamodel */;
			path = Model.xcdatamodeld;
			sourceTree = "<group>";
			versionGroupType = wrapper.xcdatamodel;
		};
/* End XCVersionGroup section */
	};
	rootObject = 56A6DA741BCF655B00A80680 /* Project object */;
}
